
Microsoft Visual Studio Solution File, Format Version 12.00
# Visual Studio Version 17
VisualStudioVersion = 17.5.002.0
MinimumVisualStudioVersion = 10.0.40219.1
Project("{9A19103F-16F7-4668-BE54-9A1E7A4F7556}") = "bankito", "bankito\bankito.csproj", "{522FBC6D-BE0C-4512-8B28-E18F927B5145}"
EndProject
Global
	GlobalSection(SolutionConfigurationPlatforms) = preSolution
		Debug|Any CPU = Debug|Any CPU
		Release|Any CPU = Release|Any CPU
	EndGlobalSection
	GlobalSection(ProjectConfigurationPlatforms) = postSolution
		{522FBC6D-BE0C-4512-8B28-E18F927B5145}.Debug|Any CPU.ActiveCfg = Debug|Any CPU
		{522FBC6D-BE0C-4512-8B28-E18F927B5145}.Debug|Any CPU.Build.0 = Debug|Any CPU
		{522FBC6D-BE0C-4512-8B28-E18F927B5145}.Release|Any CPU.ActiveCfg = Release|Any CPU
		{522FBC6D-BE0C-4512-8B28-E18F927B5145}.Release|Any CPU.Build.0 = Release|Any CPU
	EndGlobalSection
	GlobalSection(SolutionProperties) = preSolution
		HideSolutionNode = FALSE
	EndGlobalSection
	GlobalSection(ExtensibilityGlobals) = postSolution
		SolutionGuid = {30FD04AB-00FC-4FC6-87F8-C03786390333}
	EndGlobalSection
EndGlobal
